
Microsoft Visual Studio Solution File, Format Version 12.00
# Visual Studio Version 16
VisualStudioVersion = 16.0.810.8
MinimumVisualStudioVersion = 10.0.40219.1
Project("{FAE04EC0-301F-11D3-BF4B-00C04F79EFBC}") = "AnimatedMenu.Android", "AnimatedMenu.Android\AnimatedMenu.Android.csproj", "{1392EAA2-53EB-438A-8983-609C8E6508C8}"
EndProject
Project("{FAE04EC0-301F-11D3-BF4B-00C04F79EFBC}") = "AnimatedMenu.iOS", "AnimatedMenu.iOS\AnimatedMenu.iOS.csproj", "{C4549532-DB61-4641-967D-678EA9BBCAA8}"
EndProject
Project("{FAE04EC0-301F-11D3-BF4B-00C04F79EFBC}") = "AnimatedMenu", "AnimatedMenu\AnimatedMenu.csproj", "{4FD3CC65-7ACE-4914-9CEC-1D454448AC8A}"
EndProject
Global
	GlobalSection(SolutionConfigurationPlatforms) = preSolution
		Debug|Any CPU = Debug|Any CPU
		Release|Any CPU = Release|Any CPU
		Debug|iPhoneSimulator = Debug|iPhoneSimulator
		Release|iPhoneSimulator = Release|iPhoneSimulator
		Debug|iPhone = Debug|iPhone
		Release|iPhone = Release|iPhone
	EndGlobalSection
	GlobalSection(ProjectConfigurationPlatforms) = postSolution
		{1392EAA2-53EB-438A-8983-609C8E6508C8}.Debug|Any CPU.ActiveCfg = Debug|Any CPU
		{1392EAA2-53EB-438A-8983-609C8E6508C8}.Debug|Any CPU.Build.0 = Debug|Any CPU
		{1392EAA2-53EB-438A-8983-609C8E6508C8}.Release|Any CPU.ActiveCfg = Release|Any CPU
		{1392EAA2-53EB-438A-8983-609C8E6508C8}.Release|Any CPU.Build.0 = Release|Any CPU
		{1392EAA2-53EB-438A-8983-609C8E6508C8}.Debug|iPhoneSimulator.ActiveCfg = Debug|Any CPU
		{1392EAA2-53EB-438A-8983-609C8E6508C8}.Debug|iPhoneSimulator.Build.0 = Debug|Any CPU
		{1392EAA2-53EB-438A-8983-609C8E6508C8}.Release|iPhoneSimulator.ActiveCfg = Release|Any CPU
		{1392EAA2-53EB-438A-8983-609C8E6508C8}.Release|iPhoneSimulator.Build.0 = Release|Any CPU
		{1392EAA2-53EB-438A-8983-609C8E6508C8}.Debug|iPhone.ActiveCfg = Debug|Any CPU
		{1392EAA2-53EB-438A-8983-609C8E6508C8}.Debug|iPhone.Build.0 = Debug|Any CPU
		{1392EAA2-53EB-438A-8983-609C8E6508C8}.Release|iPhone.ActiveCfg = Release|Any CPU
		{1392EAA2-53EB-438A-8983-609C8E6508C8}.Release|iPhone.Build.0 = Release|Any CPU
		{C4549532-DB61-4641-967D-678EA9BBCAA8}.Debug|Any CPU.ActiveCfg = Debug|iPhoneSimulator
		{C4549532-DB61-4641-967D-678EA9BBCAA8}.Debug|Any CPU.Build.0 = Debug|iPhoneSimulator
		{C4549532-DB61-4641-967D-678EA9BBCAA8}.Release|Any CPU.ActiveCfg = Release|iPhoneSimulator
		{C4549532-DB61-4641-967D-678EA9BBCAA8}.Release|Any CPU.Build.0 = Release|iPhoneSimulator
		{C4549532-DB61-4641-967D-678EA9BBCAA8}.Debug|iPhoneSimulator.ActiveCfg = Debug|iPhoneSimulator
		{C4549532-DB61-4641-967D-678EA9BBCAA8}.Debug|iPhoneSimulator.Build.0 = Debug|iPhoneSimulator
		{C4549532-DB61-4641-967D-678EA9BBCAA8}.Release|iPhoneSimulator.ActiveCfg = Release|iPhoneSimulator
		{C4549532-DB61-4641-967D-678EA9BBCAA8}.Release|iPhoneSimulator.Build.0 = Release|iPhoneSimulator
		{C4549532-DB61-4641-967D-678EA9BBCAA8}.Debug|iPhone.ActiveCfg = Debug|iPhone
		{C4549532-DB61-4641-967D-678EA9BBCAA8}.Debug|iPhone.Build.0 = Debug|iPhone
		{C4549532-DB61-4641-967D-678EA9BBCAA8}.Release|iPhone.ActiveCfg = Release|iPhone
		{C4549532-DB61-4641-967D-678EA9BBCAA8}.Release|iPhone.Build.0 = Release|iPhone
		{4FD3CC65-7ACE-4914-9CEC-1D454448AC8A}.Debug|Any CPU.ActiveCfg = Debug|Any CPU
		{4FD3CC65-7ACE-4914-9CEC-1D454448AC8A}.Debug|Any CPU.Build.0 = Debug|Any CPU
		{4FD3CC65-7ACE-4914-9CEC-1D454448AC8A}.Release|Any CPU.ActiveCfg = Release|Any CPU
		{4FD3CC65-7ACE-4914-9CEC-1D454448AC8A}.Release|Any CPU.Build.0 = Release|Any CPU
		{4FD3CC65-7ACE-4914-9CEC-1D454448AC8A}.Debug|iPhoneSimulator.ActiveCfg = Debug|Any CPU
		{4FD3CC65-7ACE-4914-9CEC-1D454448AC8A}.Debug|iPhoneSimulator.Build.0 = Debug|Any CPU
		{4FD3CC65-7ACE-4914-9CEC-1D454448AC8A}.Release|iPhoneSimulator.ActiveCfg = Release|Any CPU
		{4FD3CC65-7ACE-4914-9CEC-1D454448AC8A}.Release|iPhoneSimulator.Build.0 = Release|Any CPU
		{4FD3CC65-7ACE-4914-9CEC-1D454448AC8A}.Debug|iPhone.ActiveCfg = Debug|Any CPU
		{4FD3CC65-7ACE-4914-9CEC-1D454448AC8A}.Debug|iPhone.Build.0 = Debug|Any CPU
		{4FD3CC65-7ACE-4914-9CEC-1D454448AC8A}.Release|iPhone.ActiveCfg = Release|Any CPU
		{4FD3CC65-7ACE-4914-9CEC-1D454448AC8A}.Release|iPhone.Build.0 = Release|Any CPU
	EndGlobalSection
	GlobalSection(SolutionProperties) = preSolution
		HideSolutionNode = FALSE
	EndGlobalSection
	GlobalSection(ExtensibilityGlobals) = postSolution
		SolutionGuid = {A5914F5B-3D4C-4DE7-AC2A-E0D0D3C1B5FD}
	EndGlobalSection
EndGlobal
